<?xml version="1.0" encoding="UTF-8"?>
<CodeBlocks_project_file>
	<FileVersion major="1" minor="6"/>
	<Project>
		<Option title="FruitRecognition"/>
		<Option makefile_is_custom="1"/>
		<Option compiler="gcc"/>
		<Option virtualFolders="CMake Files\;CMake Files\..\;CMake Files\..\..\;CMake Files\..\..\..\;CMake Files\..\..\..\..\;CMake Files\..\..\..\..\usr\;CMake Files\..\..\..\..\usr\local\;CMake Files\..\..\..\..\usr\local\share\;CMake Files\..\..\..\..\usr\local\share\OpenCV\;"/>
		<Build>
			<Target title="all">
				<Option working_dir="/Users/longbui/CLionProjects/FruitRecognition"/>
				<Option type="4"/>
				<MakeCommands>
					<Build command="/usr/bin/make -j4 -f &quot;/Users/longbui/CLionProjects/FruitRecognition/Makefile&quot;  VERBOSE=1 all"/>
					<CompileFile command="/usr/bin/make -j4 -f &quot;/Users/longbui/CLionProjects/FruitRecognition/Makefile&quot;  VERBOSE=1 &quot;$file&quot;"/>
					<Clean command="/usr/bin/make -j4 -f &quot;/Users/longbui/CLionProjects/FruitRecognition/Makefile&quot;  VERBOSE=1 clean"/>
					<DistClean command="/usr/bin/make -j4 -f &quot;/Users/longbui/CLionProjects/FruitRecognition/Makefile&quot;  VERBOSE=1 clean"/>
				</MakeCommands>
			</Target>
			<Target title="rebuild_cache">
				<Option working_dir="/Users/longbui/CLionProjects/FruitRecognition"/>
				<Option type="4"/>
				<MakeCommands>
					<Build command="/usr/bin/make -j4 -f &quot;/Users/longbui/CLionProjects/FruitRecognition/Makefile&quot;  VERBOSE=1 rebuild_cache"/>
					<CompileFile command="/usr/bin/make -j4 -f &quot;/Users/longbui/CLionProjects/FruitRecognition/Makefile&quot;  VERBOSE=1 &quot;$file&quot;"/>
					<Clean command="/usr/bin/make -j4 -f &quot;/Users/longbui/CLionProjects/FruitRecognition/Makefile&quot;  VERBOSE=1 clean"/>
					<DistClean command="/usr/bin/make -j4 -f &quot;/Users/longbui/CLionProjects/FruitRecognition/Makefile&quot;  VERBOSE=1 clean"/>
				</MakeCommands>
			</Target>
			<Target title="edit_cache">
				<Option working_dir="/Users/longbui/CLionProjects/FruitRecognition"/>
				<Option type="4"/>
				<MakeCommands>
					<Build command="/usr/bin/make -j4 -f &quot;/Users/longbui/CLionProjects/FruitRecognition/Makefile&quot;  VERBOSE=1 edit_cache"/>
					<CompileFile command="/usr/bin/make -j4 -f &quot;/Users/longbui/CLionProjects/FruitRecognition/Makefile&quot;  VERBOSE=1 &quot;$file&quot;"/>
					<Clean command="/usr/bin/make -j4 -f &quot;/Users/longbui/CLionProjects/FruitRecognition/Makefile&quot;  VERBOSE=1 clean"/>
					<DistClean command="/usr/bin/make -j4 -f &quot;/Users/longbui/CLionProjects/FruitRecognition/Makefile&quot;  VERBOSE=1 clean"/>
				</MakeCommands>
			</Target>
			<Target title="FruitRecognition">
				<Option output="/Users/longbui/CLionProjects/FruitRecognition/FruitRecognition" prefix_auto="0" extension_auto="0"/>
				<Option working_dir="/Users/longbui/CLionProjects/FruitRecognition"/>
				<Option object_output="./"/>
				<Option type="1"/>
				<Option compiler="gcc"/>
				<Compiler>
					<Add directory="/usr/local/include"/>
					<Add directory="/usr/local/include/opencv"/>
					<Add directory="/Applications/Xcode.app/Contents/Developer/Toolchains/XcodeDefault.xctoolchain/usr/bin/../include/c++/v1"/>
					<Add directory="/Applications/Xcode.app/Contents/Developer/Toolchains/XcodeDefault.xctoolchain/usr/bin/../lib/clang/8.1.0/include"/>
					<Add directory="/Applications/Xcode.app/Contents/Developer/Toolchains/XcodeDefault.xctoolchain/usr/include"/>
					<Add directory="/usr/include"/>
					<Add directory="/System/Library/Frameworks"/>
					<Add directory="/Library/Frameworks"/>
				</Compiler>
				<MakeCommands>
					<Build command="/usr/bin/make -j4 -f &quot;/Users/longbui/CLionProjects/FruitRecognition/Makefile&quot;  VERBOSE=1 FruitRecognition"/>
					<CompileFile command="/usr/bin/make -j4 -f &quot;/Users/longbui/CLionProjects/FruitRecognition/Makefile&quot;  VERBOSE=1 &quot;$file&quot;"/>
					<Clean command="/usr/bin/make -j4 -f &quot;/Users/longbui/CLionProjects/FruitRecognition/Makefile&quot;  VERBOSE=1 clean"/>
					<DistClean command="/usr/bin/make -j4 -f &quot;/Users/longbui/CLionProjects/FruitRecognition/Makefile&quot;  VERBOSE=1 clean"/>
				</MakeCommands>
			</Target>
			<Target title="FruitRecognition/fast">
				<Option output="/Users/longbui/CLionProjects/FruitRecognition/FruitRecognition" prefix_auto="0" extension_auto="0"/>
				<Option working_dir="/Users/longbui/CLionProjects/FruitRecognition"/>
				<Option object_output="./"/>
				<Option type="1"/>
				<Option compiler="gcc"/>
				<Compiler>
					<Add directory="/usr/local/include"/>
					<Add directory="/usr/local/include/opencv"/>
					<Add directory="/Applications/Xcode.app/Contents/Developer/Toolchains/XcodeDefault.xctoolchain/usr/bin/../include/c++/v1"/>
					<Add directory="/Applications/Xcode.app/Contents/Developer/Toolchains/XcodeDefault.xctoolchain/usr/bin/../lib/clang/8.1.0/include"/>
					<Add directory="/Applications/Xcode.app/Contents/Developer/Toolchains/XcodeDefault.xctoolchain/usr/include"/>
					<Add directory="/usr/include"/>
					<Add directory="/System/Library/Frameworks"/>
					<Add directory="/Library/Frameworks"/>
				</Compiler>
				<MakeCommands>
					<Build command="/usr/bin/make -j4 -f &quot;/Users/longbui/CLionProjects/FruitRecognition/Makefile&quot;  VERBOSE=1 FruitRecognition/fast"/>
					<CompileFile command="/usr/bin/make -j4 -f &quot;/Users/longbui/CLionProjects/FruitRecognition/Makefile&quot;  VERBOSE=1 &quot;$file&quot;"/>
					<Clean command="/usr/bin/make -j4 -f &quot;/Users/longbui/CLionProjects/FruitRecognition/Makefile&quot;  VERBOSE=1 clean"/>
					<DistClean command="/usr/bin/make -j4 -f &quot;/Users/longbui/CLionProjects/FruitRecognition/Makefile&quot;  VERBOSE=1 clean"/>
				</MakeCommands>
			</Target>
		</Build>
		<Unit filename="/Users/longbui/CLionProjects/FruitRecognition/feature-extraction/Color.cpp">
			<Option target="FruitRecognition"/>
		</Unit>
		<Unit filename="/Users/longbui/CLionProjects/FruitRecognition/feature-extraction/Color.h">
			<Option target="FruitRecognition"/>
		</Unit>
		<Unit filename="/Users/longbui/CLionProjects/FruitRecognition/feature-extraction/PrincipalComponentAnalysis.cpp">
			<Option target="FruitRecognition"/>
		</Unit>
		<Unit filename="/Users/longbui/CLionProjects/FruitRecognition/feature-extraction/PrincipalComponentAnalysis.h">
			<Option target="FruitRecognition"/>
		</Unit>
		<Unit filename="/Users/longbui/CLionProjects/FruitRecognition/feature-extraction/Shape.cpp">
			<Option target="FruitRecognition"/>
		</Unit>
		<Unit filename="/Users/longbui/CLionProjects/FruitRecognition/feature-extraction/Shape.h">
			<Option target="FruitRecognition"/>
		</Unit>
		<Unit filename="/Users/longbui/CLionProjects/FruitRecognition/feature-extraction/Texture.cpp">
			<Option target="FruitRecognition"/>
		</Unit>
		<Unit filename="/Users/longbui/CLionProjects/FruitRecognition/feature-extraction/Texture.h">
			<Option target="FruitRecognition"/>
		</Unit>
		<Unit filename="/Users/longbui/CLionProjects/FruitRecognition/main.cpp">
			<Option target="FruitRecognition"/>
		</Unit>
		<Unit filename="/Users/longbui/CLionProjects/FruitRecognition/segmentation/Quadtree.cpp">
			<Option target="FruitRecognition"/>
		</Unit>
		<Unit filename="/Users/longbui/CLionProjects/FruitRecognition/segmentation/Quadtree.h">
			<Option target="FruitRecognition"/>
		</Unit>
		<Unit filename="/Users/longbui/CLionProjects/FruitRecognition/CMakeLists.txt">
			<Option virtualFolder="CMake Files\"/>
		</Unit>
		<Unit filename="/Users/longbui/CLionProjects/FruitRecognition/../../../../usr/local/share/OpenCV/OpenCVConfig-version.cmake">
			<Option virtualFolder="CMake Files\..\..\..\..\usr\local\share\OpenCV\"/>
		</Unit>
		<Unit filename="/Users/longbui/CLionProjects/FruitRecognition/../../../../usr/local/share/OpenCV/OpenCVConfig.cmake">
			<Option virtualFolder="CMake Files\..\..\..\..\usr\local\share\OpenCV\"/>
		</Unit>
		<Unit filename="/Users/longbui/CLionProjects/FruitRecognition/../../../../usr/local/share/OpenCV/OpenCVModules.cmake">
			<Option virtualFolder="CMake Files\..\..\..\..\usr\local\share\OpenCV\"/>
		</Unit>
		<Unit filename="/Users/longbui/CLionProjects/FruitRecognition/../../../../usr/local/share/OpenCV/OpenCVModules-release.cmake">
			<Option virtualFolder="CMake Files\..\..\..\..\usr\local\share\OpenCV\"/>
		</Unit>
	</Project>
</CodeBlocks_project_file>
